
Microsoft Visual Studio Solution File, Format Version 12.00
# Visual Studio 14
VisualStudioVersion = 14.0.25420.1
MinimumVisualStudioVersion = 10.0.40219.1
Project("{FAE04EC0-301F-11D3-BF4B-00C04F79EFBC}") = "FinalProject_WhatsAPPening", "FinalProject_WhatsAPPening\FinalProject_WhatsAPPening.csproj", "{8D328226-EA96-4DDE-8316-879833B56ED0}"
EndProject
Project("{FAE04EC0-301F-11D3-BF4B-00C04F79EFBC}") = "YelpAPI", "..\csharp\YelpAPI\YelpAPI.csproj", "{F2855863-9FAE-4231-A9F5-B96AEE793F6B}"
EndProject
Global
	GlobalSection(SolutionConfigurationPlatforms) = preSolution
		Debug|Any CPU = Debug|Any CPU
		Release|Any CPU = Release|Any CPU
	EndGlobalSection
	GlobalSection(ProjectConfigurationPlatforms) = postSolution
		{8D328226-EA96-4DDE-8316-879833B56ED0}.Debug|Any CPU.ActiveCfg = Debug|Any CPU
		{8D328226-EA96-4DDE-8316-879833B56ED0}.Debug|Any CPU.Build.0 = Debug|Any CPU
		{8D328226-EA96-4DDE-8316-879833B56ED0}.Release|Any CPU.ActiveCfg = Release|Any CPU
		{8D328226-EA96-4DDE-8316-879833B56ED0}.Release|Any CPU.Build.0 = Release|Any CPU
		{F2855863-9FAE-4231-A9F5-B96AEE793F6B}.Debug|Any CPU.ActiveCfg = Debug|Any CPU
		{F2855863-9FAE-4231-A9F5-B96AEE793F6B}.Debug|Any CPU.Build.0 = Debug|Any CPU
		{F2855863-9FAE-4231-A9F5-B96AEE793F6B}.Release|Any CPU.ActiveCfg = Release|Any CPU
		{F2855863-9FAE-4231-A9F5-B96AEE793F6B}.Release|Any CPU.Build.0 = Release|Any CPU
	EndGlobalSection
	GlobalSection(SolutionProperties) = preSolution
		HideSolutionNode = FALSE
	EndGlobalSection
EndGlobal
